
Microsoft Visual Studio Solution File, Format Version 12.00
# Visual Studio Version 17
VisualStudioVersion = 17.4.33213.308
MinimumVisualStudioVersion = 10.0.40219.1
Project("{FAE04EC0-301F-11D3-BF4B-00C04F79EFBC}") = "TCP-Client", "TCP-Client\TCP-Client.csproj", "{0C59A1C6-2FB5-430E-B33D-D6C13782AFD4}"
EndProject
Global
	GlobalSection(SolutionConfigurationPlatforms) = preSolution
		Debug|Any CPU = Debug|Any CPU
		Release|Any CPU = Release|Any CPU
	EndGlobalSection
	GlobalSection(ProjectConfigurationPlatforms) = postSolution
		{0C59A1C6-2FB5-430E-B33D-D6C13782AFD4}.Debug|Any CPU.ActiveCfg = Debug|Any CPU
		{0C59A1C6-2FB5-430E-B33D-D6C13782AFD4}.Debug|Any CPU.Build.0 = Debug|Any CPU
		{0C59A1C6-2FB5-430E-B33D-D6C13782AFD4}.Release|Any CPU.ActiveCfg = Release|Any CPU
		{0C59A1C6-2FB5-430E-B33D-D6C13782AFD4}.Release|Any CPU.Build.0 = Release|Any CPU
	EndGlobalSection
	GlobalSection(SolutionProperties) = preSolution
		HideSolutionNode = FALSE
	EndGlobalSection
	GlobalSection(ExtensibilityGlobals) = postSolution
		SolutionGuid = {A5609B89-5BE2-426C-890E-EFEA5CA91F3A}
	EndGlobalSection
EndGlobal
